
Microsoft Visual Studio Solution File, Format Version 12.00
# Visual Studio 15
VisualStudioVersion = 15.0.28307.489
MinimumVisualStudioVersion = 10.0.40219.1
Project("{FAE04EC0-301F-11D3-BF4B-00C04F79EFBC}") = "XUnit_Test", "XUnit_Test\XUnit_Test.csproj", "{14F25C13-82CD-4765-8B62-048424346B82}"
EndProject
Global
	GlobalSection(SolutionConfigurationPlatforms) = preSolution
		Debug|Any CPU = Debug|Any CPU
		Release|Any CPU = Release|Any CPU
	EndGlobalSection
	GlobalSection(ProjectConfigurationPlatforms) = postSolution
		{14F25C13-82CD-4765-8B62-048424346B82}.Debug|Any CPU.ActiveCfg = Debug|Any CPU
		{14F25C13-82CD-4765-8B62-048424346B82}.Debug|Any CPU.Build.0 = Debug|Any CPU
		{14F25C13-82CD-4765-8B62-048424346B82}.Release|Any CPU.ActiveCfg = Release|Any CPU
		{14F25C13-82CD-4765-8B62-048424346B82}.Release|Any CPU.Build.0 = Release|Any CPU
	EndGlobalSection
	GlobalSection(SolutionProperties) = preSolution
		HideSolutionNode = FALSE
	EndGlobalSection
	GlobalSection(ExtensibilityGlobals) = postSolution
		SolutionGuid = {A55231BD-8557-46DB-BB2F-B682628A8DDB}
	EndGlobalSection
EndGlobal
